github.com/BurntSushi/toml v0.4.1 h1:GaI7EiDXDRfa8VshkTj7Fym7ha+y8/XxIgD2okUIjLw=
github.com/BurntSushi/toml v0.4.1/go.mod h1:CxXYINrC8qIiEnFrOxCa7Jy5BFHlXnUU2pbicEuybxQ=
github.com/davecgh/go-spew v1.1.1 h1:vj9j/u1bqnvCEfJOwUhtlOARqs3+rkHYY13jYWTU97c=
github.com/davecgh/go-spew v1.1.1/go.mod h1:J7Y8YcW2NihsgmVo/mv3lAwl/skON4iLHjSsI+c5H38=
github.com/google/go-cmp v0.5.2 h1:X2ev0eStA3AbceY54o37/0PQ/UWqKEiiO2dKL5OPaFM=
github.com/google/go-cmp v0.5.2/go.mod h1:v8dTdLbMG2kIc/vJvl+f65V22dbkXbowE6jgT/gNBxE=
github.com/google/go-querystring v1.1.0 h1:AnCroh3fv4ZBgVIf1Iwtovgjaw/GiKJo8M8yD/fhyJ8=
github.com/google/go-querystring v1.1.0/go.mod h1:Kcdr2DB4koayq7X8pmAG4sNG59So17icRSOU623lUBU=
github.com/mediocregopher/radix/v3 v3.7.1 h1:o7PGt1yePNGQ+YZ4fwT5BSgcAl+1Mf4T0eRSAHwUxS4=
github.com/mediocregopher/radix/v3 v3.7.1/go.mod h1:8FL3F6UQRXHXIBSPUs5h0RybMF8i4n7wVopoX3x7Bv8=
github.com/pmezard/go-difflib v1.0.0 h1:4DBwDE0NGyQoBHbLQYPwSUPoCMWR5BEzIk/f1lZbAQM=
github.com/pmezard/go-difflib v1.0.0/go.mod h1:iKH77koFhYxTK1pcRnkKkqfTogsbg7gZNVY4sRDYZ/4=
github.com/stretchr/testify v1.2.2 h1:bSDNvY7ZPG5RlJ8otE/7V6gMiyenm9RtJ7IUVIAoJ1w=
github.com/stretchr/testify v1.2.2/go.mod h1:a8OnRcib4nhh0OaRAV+Yts87kKdq0PP7pXfy6kDkUVs=
github.com/tiantour/cache v1.1.2 h1:4to/8zdptg3kdabm010A0TRyAviJ594BUnYpmvZ48kA=
github.com/tiantour/cache v1.1.2/go.mod h1:MbLEZGtmu2r0iwGlVTsB9iGkV28Ve4YaFFFJtARoWj0=
github.com/tiantour/conf v1.8.0 h1:CBBQeRwBOeSfBDHNKF+hX9xDRvWhjTUVFmqJscAJWek=
github.com/tiantour/conf v1.8.0/go.mod h1:yw0M9doQzJUm9lJ1PB1oAGrLJbHU2z+cK5EA4IBGChA=
github.com/tiantour/fetch v1.0.5 h1:8oOiyPe7yUTHftrdhNZpGqy+8D5oDTizycR7u4HWtdo=
github.com/tiantour/fetch v1.0.5/go.mod h1:58RbZIoag2/oVkHqSB00D2cyzYPVMGUgBPGGpH22SwA=
github.com/tiantour/imago v1.0.1 h1:IJn+yXa/2SoK+0YcFRPfQC7f62YKU+pwBYtFDJKOMUs=
github.com/tiantour/imago v1.0.1/go.mod h1:/MkB+5Llq8wA454Ll9RkhgCF9/LfagHb+ZPe21cMN90=
github.com/tiantour/rsae v1.0.3 h1:K6lhiIF+yL1UvAhW19Vt4rCVSvVi2ABCXfGtJ47LWiY=
github.com/tiantour/rsae v1.0.3/go.mod h1:2gGojE6j5F/prpRpXKwQ6QqjZ906szDPlj/YaR99Uh8=
github.com/tiantour/tempo v1.0.0 h1:aPpCr2OK0MC5sAXBTvD5lAkcoOXmg774214R6mrk1Pk=
github.com/tiantour/tempo v1.0.0/go.mod h1:6ZCTMOdajmfAybGgdEIZf9h66H9GzekJfPq8sXuf0b4=
golang.org/x/crypto v0.0.0-20190308221718-c2843e01d9a2/go.mod h1:djNgcEr1/C05ACkg1iLfiJU5Ep61QUkGW8qpdssI0+w=
golang.org/x/crypto v0.0.0-20200210222208-86ce3cb69678 h1:wCWoJcFExDgyYx2m2hpHgwz8W3+FPdfldvIgzqDIhyg=
golang.org/x/crypto v0.0.0-20200210222208-86ce3cb69678/go.mod h1:LzIPMQfyMNhhGPhUkYOs5KpL4U8rLKemX1yGLhDgUto=
golang.org/x/net v0.0.0-20190404232315-eb5bcb51f2a3/go.mod h1:t9HGtf8HONx5eT2rtn7q6eTqICYqUVnKs3thJo3Qplg=
golang.org/x/sys v0.0.0-20190215142949-d0b11bdaac8a/go.mod h1:STP8DvDyc/dI5b8T5hshtkjS+E42TnysNCUPdjciGhY=
golang.org/x/sys v0.0.0-20190412213103-97732733099d/go.mod h1:h1NjWce9XRLGQEsW7wpKNCjG9DtNlClVuFLEZdDNbEs=
golang.org/x/text v0.3.0/go.mod h1:NqM8EUOU14njkJ3fqMW+pc6Ldnwhi/IjpwHt7yyuwOQ=
golang.org/x/xerrors v0.0.0-20191011141410-1b5146add898/go.mod h1:I/5z698sn9Ka8TeJc9MKroUUfqBBauWjQqLJ2OPfmY0=
golang.org/x/xerrors v0.0.0-20191204190536-9bdfabe68543 h1:E7g+9GITq07hpfrRu66IVDexMakfv52eLZ2CXBWiKr4=
golang.org/x/xerrors v0.0.0-20191204190536-9bdfabe68543/go.mod h1:I/5z698sn9Ka8TeJc9MKroUUfqBBauWjQqLJ2OPfmY0=
