github.com/BurntSushi/toml v0.3.1 h1:WXkYYl6Yr3qBf1K79EBnL4mak0OimBfB0XUf9Vl28OQ=
github.com/BurntSushi/toml v0.3.1/go.mod h1:xHWCNGjB5oqiDr8zfno3MHue2Ht5sIBksp03qcyfWMU=
github.com/davecgh/go-spew v1.1.1 h1:vj9j/u1bqnvCEfJOwUhtlOARqs3+rkHYY13jYWTU97c=
github.com/davecgh/go-spew v1.1.1/go.mod h1:J7Y8YcW2NihsgmVo/mv3lAwl/skON4iLHjSsI+c5H38=
github.com/google/go-querystring v1.0.0 h1:Xkwi/a1rcvNg1PPYe5vI8GbeBY/jrVuDX5ASuANWTrk=
github.com/google/go-querystring v1.0.0/go.mod h1:odCYkC5MyYFN7vkCjXpyrEuKhc/BUO6wN/zVPAxq5ck=
github.com/mediocregopher/mediocre-go-lib v0.0.0-20181029021733-cb65787f37ed h1:3dQJqqDouawQgl3gBE1PNHKFkJYGEuFb1DbSlaxdosE=
github.com/mediocregopher/mediocre-go-lib v0.0.0-20181029021733-cb65787f37ed/go.mod h1:dSsfyI2zABAdhcbvkXqgxOxrCsbYeHCPgrZkku60dSg=
github.com/mediocregopher/radix/v3 v3.2.3 h1:TbcGCZdo9zfPYPgevsqRn+OjvCyfOK6TzuXhqzWdCt0=
github.com/mediocregopher/radix/v3 v3.2.3/go.mod h1:EmfVyvspXz1uZEyPBMyGK+kjWiKQGvsUt6O3Pj+LDCQ=
github.com/pmezard/go-difflib v1.0.0 h1:4DBwDE0NGyQoBHbLQYPwSUPoCMWR5BEzIk/f1lZbAQM=
github.com/pmezard/go-difflib v1.0.0/go.mod h1:iKH77koFhYxTK1pcRnkKkqfTogsbg7gZNVY4sRDYZ/4=
github.com/stretchr/testify v1.2.2 h1:bSDNvY7ZPG5RlJ8otE/7V6gMiyenm9RtJ7IUVIAoJ1w=
github.com/stretchr/testify v1.2.2/go.mod h1:a8OnRcib4nhh0OaRAV+Yts87kKdq0PP7pXfy6kDkUVs=
github.com/tiantour/cache v1.0.0 h1:WuKkAgoyNj1xNYajuXBc3OUHz05mmGeZPwuEHatVIRA=
github.com/tiantour/cache v1.0.0/go.mod h1:3UIJzZIjOw8POJSoa1X+N3yMbZAzuJeKY0XyXXPDKGU=
github.com/tiantour/conf v0.0.0-20190410040104-eb992a5a5fe3 h1:/Uz4rtTh+5khCHgB/kCxLYrcVDouZ/dLzSqNJhVs3UQ=
github.com/tiantour/conf v0.0.0-20190410040104-eb992a5a5fe3/go.mod h1:zg/2IA8bGv9aYeFFOQSdexAnVfGo0D9Ko00oMbKEzhg=
github.com/tiantour/fetch v1.0.0 h1:ouu69JNu+vUIAEuRLOypqPfL5dpGP1jCM7lzE4UEHQw=
github.com/tiantour/fetch v1.0.0/go.mod h1:1mzoDmsNzgJwDcXWbNdrSd0qNbniSobmsQip9bHzuso=
github.com/tiantour/imago v1.0.0 h1:+C4MLAInXMjDGqk19UzOVbDYZHWP0d1YkGAxBR864yg=
github.com/tiantour/imago v1.0.0/go.mod h1:MNnDnzf12C+kzGFcpdtmOpnqmvOZJprm5lgvCE8XMh0=
github.com/tiantour/rsae v1.0.1 h1:rI3lEPy4vuAst81iZnUiXU3ZYh5ELAnFGp7AE4g2G5Y=
github.com/tiantour/rsae v1.0.1/go.mod h1:we2ea5JByX6v+Cmd6Mhuj2f6Ztr9DJvUe47fowhyzXQ=
github.com/tiantour/tempo v1.0.0 h1:aPpCr2OK0MC5sAXBTvD5lAkcoOXmg774214R6mrk1Pk=
github.com/tiantour/tempo v1.0.0/go.mod h1:6ZCTMOdajmfAybGgdEIZf9h66H9GzekJfPq8sXuf0b4=
golang.org/x/crypto v0.0.0-20190308221718-c2843e01d9a2/go.mod h1:djNgcEr1/C05ACkg1iLfiJU5Ep61QUkGW8qpdssI0+w=
golang.org/x/crypto v0.0.0-20190513172903-22d7a77e9e5f h1:R423Cnkcp5JABoeemiGEPlt9tHXFfw5kvc0yqlxRPWo=
golang.org/x/crypto v0.0.0-20190513172903-22d7a77e9e5f/go.mod h1:yigFU9vqHzYiE8UmvKecakEJjdnWj3jj499lnFckfCI=
golang.org/x/net v0.0.0-20190404232315-eb5bcb51f2a3/go.mod h1:t9HGtf8HONx5eT2rtn7q6eTqICYqUVnKs3thJo3Qplg=
golang.org/x/sys v0.0.0-20190215142949-d0b11bdaac8a/go.mod h1:STP8DvDyc/dI5b8T5hshtkjS+E42TnysNCUPdjciGhY=
golang.org/x/sys v0.0.0-20190412213103-97732733099d/go.mod h1:h1NjWce9XRLGQEsW7wpKNCjG9DtNlClVuFLEZdDNbEs=
golang.org/x/text v0.3.0/go.mod h1:NqM8EUOU14njkJ3fqMW+pc6Ldnwhi/IjpwHt7yyuwOQ=
